
Microsoft Visual Studio Solution File, Format Version 9.00
# Visual Studio 2005
Project("{8BC9CEB8-8B4A-11D0-8D11-00A0C91BC942}") = "vba_vs2005", "vba_vs2005.vcproj", "{EAD25A86-E6DB-4258-8875-197930F28F6A}"
	ProjectSection(ProjectDependencies) = postProject
		{473DF9B7-67D5-48F0-B949-B17C33569ABE} = {473DF9B7-67D5-48F0-B949-B17C33569ABE}
		{B938FBD9-C7F9-4BF7-8C27-68865D1FA092} = {B938FBD9-C7F9-4BF7-8C27-68865D1FA092}
		{96E945F7-0377-48DA-A5F8-1C192DE9F25F} = {96E945F7-0377-48DA-A5F8-1C192DE9F25F}
	EndProjectSection
EndProject
Project("{2150E333-8FDC-42A3-9474-1A3956D46DE8}") = "documentation", "documentation", "{61FD874C-E3E4-499F-B4A9-AC8A66174D5D}"
	ProjectSection(SolutionItems) = preProject
		..\AUTHORS = ..\AUTHORS
		..\COPYING = ..\COPYING
		..\INSTALL = ..\INSTALL
		..\NEWS = ..\NEWS
		..\README = ..\README
		..\README-win.txt = ..\README-win.txt
		..\VERSION = ..\VERSION
	EndProjectSection
EndProject
Project("{2150E333-8FDC-42A3-9474-1A3956D46DE8}") = "dependencies", "dependencies", "{F78600CD-B229-4EE2-9351-A9D5D47AEA3B}"
EndProject
Project("{8BC9CEB8-8B4A-11D0-8D11-00A0C91BC942}") = "zlib", "dependencies\zlib\zlib.vcproj", "{B938FBD9-C7F9-4BF7-8C27-68865D1FA092}"
EndProject
Project("{8BC9CEB8-8B4A-11D0-8D11-00A0C91BC942}") = "libpng", "dependencies\libpng\libpng.vcproj", "{96E945F7-0377-48DA-A5F8-1C192DE9F25F}"
	ProjectSection(ProjectDependencies) = postProject
		{B938FBD9-C7F9-4BF7-8C27-68865D1FA092} = {B938FBD9-C7F9-4BF7-8C27-68865D1FA092}
	EndProjectSection
EndProject
Project("{8BC9CEB8-8B4A-11D0-8D11-00A0C91BC942}") = "cximage", "dependencies\cximage\cximage.vcproj", "{473DF9B7-67D5-48F0-B949-B17C33569ABE}"
	ProjectSection(ProjectDependencies) = postProject
		{85E8D00B-0D33-49EE-820C-D8BF4C9CE2E5} = {85E8D00B-0D33-49EE-820C-D8BF4C9CE2E5}
		{B938FBD9-C7F9-4BF7-8C27-68865D1FA092} = {B938FBD9-C7F9-4BF7-8C27-68865D1FA092}
		{BF3270E3-1256-4101-AB40-A64F93A694DF} = {BF3270E3-1256-4101-AB40-A64F93A694DF}
		{C0D925F7-58BA-44D2-9DD6-4CBAB2A65BFB} = {C0D925F7-58BA-44D2-9DD6-4CBAB2A65BFB}
		{96E945F7-0377-48DA-A5F8-1C192DE9F25F} = {96E945F7-0377-48DA-A5F8-1C192DE9F25F}
	EndProjectSection
EndProject
Project("{8BC9CEB8-8B4A-11D0-8D11-00A0C91BC942}") = "libjasper", "dependencies\libjasper\libjasper.vcproj", "{85E8D00B-0D33-49EE-820C-D8BF4C9CE2E5}"
	ProjectSection(ProjectDependencies) = postProject
		{BF3270E3-1256-4101-AB40-A64F93A694DF} = {BF3270E3-1256-4101-AB40-A64F93A694DF}
	EndProjectSection
EndProject
Project("{8BC9CEB8-8B4A-11D0-8D11-00A0C91BC942}") = "libjpeg", "dependencies\libjpeg\libjpeg.vcproj", "{BF3270E3-1256-4101-AB40-A64F93A694DF}"
EndProject
Project("{8BC9CEB8-8B4A-11D0-8D11-00A0C91BC942}") = "libtiff", "dependencies\libtiff\libtiff.vcproj", "{C0D925F7-58BA-44D2-9DD6-4CBAB2A65BFB}"
EndProject
Global
	GlobalSection(SolutionConfigurationPlatforms) = preSolution
		MFC_Debug|Win32 = MFC_Debug|Win32
		MFC_Release|Win32 = MFC_Release|Win32
		SDL_Debug|Win32 = SDL_Debug|Win32
		SDL_Release|Win32 = SDL_Release|Win32
	EndGlobalSection
	GlobalSection(ProjectConfigurationPlatforms) = postSolution
		{EAD25A86-E6DB-4258-8875-197930F28F6A}.MFC_Debug|Win32.ActiveCfg = MFC_Debug|Win32
		{EAD25A86-E6DB-4258-8875-197930F28F6A}.MFC_Debug|Win32.Build.0 = MFC_Debug|Win32
		{EAD25A86-E6DB-4258-8875-197930F28F6A}.MFC_Release|Win32.ActiveCfg = MFC_Release|Win32
		{EAD25A86-E6DB-4258-8875-197930F28F6A}.MFC_Release|Win32.Build.0 = MFC_Release|Win32
		{EAD25A86-E6DB-4258-8875-197930F28F6A}.SDL_Debug|Win32.ActiveCfg = SDL_Debug|Win32
		{EAD25A86-E6DB-4258-8875-197930F28F6A}.SDL_Debug|Win32.Build.0 = SDL_Debug|Win32
		{EAD25A86-E6DB-4258-8875-197930F28F6A}.SDL_Release|Win32.ActiveCfg = SDL_Release|Win32
		{EAD25A86-E6DB-4258-8875-197930F28F6A}.SDL_Release|Win32.Build.0 = SDL_Release|Win32
		{B938FBD9-C7F9-4BF7-8C27-68865D1FA092}.MFC_Debug|Win32.ActiveCfg = Debug|Win32
		{B938FBD9-C7F9-4BF7-8C27-68865D1FA092}.MFC_Debug|Win32.Build.0 = Debug|Win32
		{B938FBD9-C7F9-4BF7-8C27-68865D1FA092}.MFC_Release|Win32.ActiveCfg = Release|Win32
		{B938FBD9-C7F9-4BF7-8C27-68865D1FA092}.MFC_Release|Win32.Build.0 = Release|Win32
		{B938FBD9-C7F9-4BF7-8C27-68865D1FA092}.SDL_Debug|Win32.ActiveCfg = Debug|Win32
		{B938FBD9-C7F9-4BF7-8C27-68865D1FA092}.SDL_Debug|Win32.Build.0 = Debug|Win32
		{B938FBD9-C7F9-4BF7-8C27-68865D1FA092}.SDL_Release|Win32.ActiveCfg = Release|Win32
		{B938FBD9-C7F9-4BF7-8C27-68865D1FA092}.SDL_Release|Win32.Build.0 = Release|Win32
		{96E945F7-0377-48DA-A5F8-1C192DE9F25F}.MFC_Debug|Win32.ActiveCfg = Debug|Win32
		{96E945F7-0377-48DA-A5F8-1C192DE9F25F}.MFC_Debug|Win32.Build.0 = Debug|Win32
		{96E945F7-0377-48DA-A5F8-1C192DE9F25F}.MFC_Release|Win32.ActiveCfg = Release|Win32
		{96E945F7-0377-48DA-A5F8-1C192DE9F25F}.MFC_Release|Win32.Build.0 = Release|Win32
		{96E945F7-0377-48DA-A5F8-1C192DE9F25F}.SDL_Debug|Win32.ActiveCfg = Debug|Win32
		{96E945F7-0377-48DA-A5F8-1C192DE9F25F}.SDL_Debug|Win32.Build.0 = Debug|Win32
		{96E945F7-0377-48DA-A5F8-1C192DE9F25F}.SDL_Release|Win32.ActiveCfg = Release|Win32
		{96E945F7-0377-48DA-A5F8-1C192DE9F25F}.SDL_Release|Win32.Build.0 = Release|Win32
		{473DF9B7-67D5-48F0-B949-B17C33569ABE}.MFC_Debug|Win32.ActiveCfg = Debug|Win32
		{473DF9B7-67D5-48F0-B949-B17C33569ABE}.MFC_Debug|Win32.Build.0 = Debug|Win32
		{473DF9B7-67D5-48F0-B949-B17C33569ABE}.MFC_Release|Win32.ActiveCfg = Release|Win32
		{473DF9B7-67D5-48F0-B949-B17C33569ABE}.MFC_Release|Win32.Build.0 = Release|Win32
		{473DF9B7-67D5-48F0-B949-B17C33569ABE}.SDL_Debug|Win32.ActiveCfg = Debug|Win32
		{473DF9B7-67D5-48F0-B949-B17C33569ABE}.SDL_Debug|Win32.Build.0 = Debug|Win32
		{473DF9B7-67D5-48F0-B949-B17C33569ABE}.SDL_Release|Win32.ActiveCfg = Release|Win32
		{473DF9B7-67D5-48F0-B949-B17C33569ABE}.SDL_Release|Win32.Build.0 = Release|Win32
		{85E8D00B-0D33-49EE-820C-D8BF4C9CE2E5}.MFC_Debug|Win32.ActiveCfg = Debug|Win32
		{85E8D00B-0D33-49EE-820C-D8BF4C9CE2E5}.MFC_Debug|Win32.Build.0 = Debug|Win32
		{85E8D00B-0D33-49EE-820C-D8BF4C9CE2E5}.MFC_Release|Win32.ActiveCfg = Release|Win32
		{85E8D00B-0D33-49EE-820C-D8BF4C9CE2E5}.MFC_Release|Win32.Build.0 = Release|Win32
		{85E8D00B-0D33-49EE-820C-D8BF4C9CE2E5}.SDL_Debug|Win32.ActiveCfg = Debug|Win32
		{85E8D00B-0D33-49EE-820C-D8BF4C9CE2E5}.SDL_Debug|Win32.Build.0 = Debug|Win32
		{85E8D00B-0D33-49EE-820C-D8BF4C9CE2E5}.SDL_Release|Win32.ActiveCfg = Release|Win32
		{85E8D00B-0D33-49EE-820C-D8BF4C9CE2E5}.SDL_Release|Win32.Build.0 = Release|Win32
		{BF3270E3-1256-4101-AB40-A64F93A694DF}.MFC_Debug|Win32.ActiveCfg = Debug|Win32
		{BF3270E3-1256-4101-AB40-A64F93A694DF}.MFC_Debug|Win32.Build.0 = Debug|Win32
		{BF3270E3-1256-4101-AB40-A64F93A694DF}.MFC_Release|Win32.ActiveCfg = Release|Win32
		{BF3270E3-1256-4101-AB40-A64F93A694DF}.MFC_Release|Win32.Build.0 = Release|Win32
		{BF3270E3-1256-4101-AB40-A64F93A694DF}.SDL_Debug|Win32.ActiveCfg = Debug|Win32
		{BF3270E3-1256-4101-AB40-A64F93A694DF}.SDL_Debug|Win32.Build.0 = Debug|Win32
		{BF3270E3-1256-4101-AB40-A64F93A694DF}.SDL_Release|Win32.ActiveCfg = Release|Win32
		{BF3270E3-1256-4101-AB40-A64F93A694DF}.SDL_Release|Win32.Build.0 = Release|Win32
		{C0D925F7-58BA-44D2-9DD6-4CBAB2A65BFB}.MFC_Debug|Win32.ActiveCfg = Debug|Win32
		{C0D925F7-58BA-44D2-9DD6-4CBAB2A65BFB}.MFC_Debug|Win32.Build.0 = Debug|Win32
		{C0D925F7-58BA-44D2-9DD6-4CBAB2A65BFB}.MFC_Release|Win32.ActiveCfg = Release|Win32
		{C0D925F7-58BA-44D2-9DD6-4CBAB2A65BFB}.MFC_Release|Win32.Build.0 = Release|Win32
		{C0D925F7-58BA-44D2-9DD6-4CBAB2A65BFB}.SDL_Debug|Win32.ActiveCfg = Debug|Win32
		{C0D925F7-58BA-44D2-9DD6-4CBAB2A65BFB}.SDL_Debug|Win32.Build.0 = Debug|Win32
		{C0D925F7-58BA-44D2-9DD6-4CBAB2A65BFB}.SDL_Release|Win32.ActiveCfg = Release|Win32
		{C0D925F7-58BA-44D2-9DD6-4CBAB2A65BFB}.SDL_Release|Win32.Build.0 = Release|Win32
	EndGlobalSection
	GlobalSection(SolutionProperties) = preSolution
		HideSolutionNode = FALSE
	EndGlobalSection
	GlobalSection(NestedProjects) = preSolution
		{B938FBD9-C7F9-4BF7-8C27-68865D1FA092} = {F78600CD-B229-4EE2-9351-A9D5D47AEA3B}
		{96E945F7-0377-48DA-A5F8-1C192DE9F25F} = {F78600CD-B229-4EE2-9351-A9D5D47AEA3B}
		{473DF9B7-67D5-48F0-B949-B17C33569ABE} = {F78600CD-B229-4EE2-9351-A9D5D47AEA3B}
		{85E8D00B-0D33-49EE-820C-D8BF4C9CE2E5} = {F78600CD-B229-4EE2-9351-A9D5D47AEA3B}
		{BF3270E3-1256-4101-AB40-A64F93A694DF} = {F78600CD-B229-4EE2-9351-A9D5D47AEA3B}
		{C0D925F7-58BA-44D2-9DD6-4CBAB2A65BFB} = {F78600CD-B229-4EE2-9351-A9D5D47AEA3B}
	EndGlobalSection
	GlobalSection(ExtensibilityGlobals) = postSolution
		AMDCaProjectFile = 
	EndGlobalSection
EndGlobal
